// !$*UTF8*$!
{
	archiveVersion = 1;
	classes = {
	};
	objectVersion = 56;
	objects = {

/* Begin PBXBuildFile section */
		B10000000000000000000002 /* BPMediaWriterApp.swift in Sources */ = {isa = PBXBuildFile; fileRef = B10000000000000000000001 /* BPMediaWriterApp.swift */; };
		B10100000000000000000002 /* AppState.swift in Sources */ = {isa = PBXBuildFile; fileRef = B10100000000000000000001 /* AppState.swift */; };
		B10200000000000000000002 /* Post.swift in Sources */ = {isa = PBXBuildFile; fileRef = B10200000000000000000001 /* Post.swift */; };
		B10300000000000000000002 /* AuthModels.swift in Sources */ = {isa = PBXBuildFile; fileRef = B10300000000000000000001 /* AuthModels.swift */; };
		B10400000000000000000002 /* EditorJSCodec.swift in Sources */ = {isa = PBXBuildFile; fileRef = B10400000000000000000001 /* EditorJSCodec.swift */; };
		B10500000000000000000002 /* APIClient.swift in Sources */ = {isa = PBXBuildFile; fileRef = B10500000000000000000001 /* APIClient.swift */; };
		B10600000000000000000002 /* AuthService.swift in Sources */ = {isa = PBXBuildFile; fileRef = B10600000000000000000001 /* AuthService.swift */; };
		B10700000000000000000002 /* KeychainStore.swift in Sources */ = {isa = PBXBuildFile; fileRef = B10700000000000000000001 /* KeychainStore.swift */; };
		B10800000000000000000002 /* DraftStore.swift in Sources */ = {isa = PBXBuildFile; fileRef = B10800000000000000000001 /* DraftStore.swift */; };
		B10900000000000000000002 /* LoginView.swift in Sources */ = {isa = PBXBuildFile; fileRef = B10900000000000000000001 /* LoginView.swift */; };
		B11000000000000000000002 /* PostListView.swift in Sources */ = {isa = PBXBuildFile; fileRef = B11000000000000000000001 /* PostListView.swift */; };
		B11100000000000000000002 /* EditorView.swift in Sources */ = {isa = PBXBuildFile; fileRef = B11100000000000000000001 /* EditorView.swift */; };
		B11200000000000000000002 /* TurnstileWebView.swift in Sources */ = {isa = PBXBuildFile; fileRef = B11200000000000000000001 /* TurnstileWebView.swift */; };
		B11300000000000000000002 /* BrandColors.swift in Sources */ = {isa = PBXBuildFile; fileRef = B11300000000000000000001 /* BrandColors.swift */; };
		B11400000000000000000002 /* ImageCompressor.swift in Sources */ = {isa = PBXBuildFile; fileRef = B11400000000000000000001 /* ImageCompressor.swift */; };
		B11500000000000000000002 /* UpdateChecker.swift in Sources */ = {isa = PBXBuildFile; fileRef = B11500000000000000000001 /* UpdateChecker.swift */; };
		C10000000000000000000002 /* Assets.xcassets in Resources */ = {isa = PBXBuildFile; fileRef = C10000000000000000000001 /* Assets.xcassets */; };
/* End PBXBuildFile section */

/* Begin PBXFileReference section */
		B10000000000000000000001 /* BPMediaWriterApp.swift */ = {isa = PBXFileReference; lastKnownFileType = sourcecode.swift; path = BPMediaWriterApp.swift; sourceTree = "<group>"; };
		B10100000000000000000001 /* AppState.swift */ = {isa = PBXFileReference; lastKnownFileType = sourcecode.swift; path = AppState.swift; sourceTree = "<group>"; };
		B10200000000000000000001 /* Post.swift */ = {isa = PBXFileReference; lastKnownFileType = sourcecode.swift; path = Post.swift; sourceTree = "<group>"; };
		B10300000000000000000001 /* AuthModels.swift */ = {isa = PBXFileReference; lastKnownFileType = sourcecode.swift; path = AuthModels.swift; sourceTree = "<group>"; };
		B10400000000000000000001 /* EditorJSCodec.swift */ = {isa = PBXFileReference; lastKnownFileType = sourcecode.swift; path = EditorJSCodec.swift; sourceTree = "<group>"; };
		B10500000000000000000001 /* APIClient.swift */ = {isa = PBXFileReference; lastKnownFileType = sourcecode.swift; path = APIClient.swift; sourceTree = "<group>"; };
		B10600000000000000000001 /* AuthService.swift */ = {isa = PBXFileReference; lastKnownFileType = sourcecode.swift; path = AuthService.swift; sourceTree = "<group>"; };
		B10700000000000000000001 /* KeychainStore.swift */ = {isa = PBXFileReference; lastKnownFileType = sourcecode.swift; path = KeychainStore.swift; sourceTree = "<group>"; };
		B10800000000000000000001 /* DraftStore.swift */ = {isa = PBXFileReference; lastKnownFileType = sourcecode.swift; path = DraftStore.swift; sourceTree = "<group>"; };
		B10900000000000000000001 /* LoginView.swift */ = {isa = PBXFileReference; lastKnownFileType = sourcecode.swift; path = LoginView.swift; sourceTree = "<group>"; };
		B11000000000000000000001 /* PostListView.swift */ = {isa = PBXFileReference; lastKnownFileType = sourcecode.swift; path = PostListView.swift; sourceTree = "<group>"; };
		B11100000000000000000001 /* EditorView.swift */ = {isa = PBXFileReference; lastKnownFileType = sourcecode.swift; path = EditorView.swift; sourceTree = "<group>"; };
		B11200000000000000000001 /* TurnstileWebView.swift */ = {isa = PBXFileReference; lastKnownFileType = sourcecode.swift; path = TurnstileWebView.swift; sourceTree = "<group>"; };
		B11300000000000000000001 /* BrandColors.swift */ = {isa = PBXFileReference; lastKnownFileType = sourcecode.swift; path = BrandColors.swift; sourceTree = "<group>"; };
		B11400000000000000000001 /* ImageCompressor.swift */ = {isa = PBXFileReference; lastKnownFileType = sourcecode.swift; path = ImageCompressor.swift; sourceTree = "<group>"; };
		B11500000000000000000001 /* UpdateChecker.swift */ = {isa = PBXFileReference; lastKnownFileType = sourcecode.swift; path = UpdateChecker.swift; sourceTree = "<group>"; };
		C10000000000000000000001 /* Assets.xcassets */ = {isa = PBXFileReference; lastKnownFileType = folder.assetcatalog; path = Assets.xcassets; sourceTree = "<group>"; };
		A10000000000000000000006 /* BPMediaWriter.app */ = {isa = PBXFileReference; explicitFileType = wrapper.application; includeInIndex = 0; path = BPMediaWriter.app; sourceTree = BUILT_PRODUCTS_DIR; };
/* End PBXFileReference section */

/* Begin PBXFrameworksBuildPhase section */
		A10000000000000000000005 /* Frameworks */ = {
			isa = PBXFrameworksBuildPhase;
			buildActionMask = 2147483647;
			files = (
			);
			runOnlyForDeploymentPostprocessing = 0;
		};
/* End PBXFrameworksBuildPhase section */

/* Begin PBXGroup section */
		A10000000000000000000007 = {
			isa = PBXGroup;
			children = (
				A10000000000000000000009 /* Sources */,
				A1000000000000000000000D /* Resources */,
				A10000000000000000000008 /* Products */,
			);
			sourceTree = "<group>";
		};
		A10000000000000000000008 /* Products */ = {
			isa = PBXGroup;
			children = (
				A10000000000000000000006 /* BPMediaWriter.app */,
			);
			name = Products;
			sourceTree = "<group>";
		};
		A10000000000000000000009 /* Sources */ = {
			isa = PBXGroup;
			children = (
				B10000000000000000000001 /* BPMediaWriterApp.swift */,
				B10100000000000000000001 /* AppState.swift */,
				A1000000000000000000000A /* Models */,
				A1000000000000000000000B /* Services */,
				A10000000000000000000014 /* Theme */,
				A1000000000000000000000C /* Views */,
			);
			path = Sources;
			sourceTree = "<group>";
		};
		A1000000000000000000000A /* Models */ = {
			isa = PBXGroup;
			children = (
				B10200000000000000000001 /* Post.swift */,
				B10300000000000000000001 /* AuthModels.swift */,
				B10400000000000000000001 /* EditorJSCodec.swift */,
			);
			path = Models;
			sourceTree = "<group>";
		};
		A1000000000000000000000B /* Services */ = {
			isa = PBXGroup;
			children = (
				B10500000000000000000001 /* APIClient.swift */,
				B10600000000000000000001 /* AuthService.swift */,
				B10700000000000000000001 /* KeychainStore.swift */,
				B10800000000000000000001 /* DraftStore.swift */,
				B11400000000000000000001 /* ImageCompressor.swift */,
				B11500000000000000000001 /* UpdateChecker.swift */,
			);
			path = Services;
			sourceTree = "<group>";
		};
		A1000000000000000000000C /* Views */ = {
			isa = PBXGroup;
			children = (
				B10900000000000000000001 /* LoginView.swift */,
				B11000000000000000000001 /* PostListView.swift */,
				B11100000000000000000001 /* EditorView.swift */,
				B11200000000000000000001 /* TurnstileWebView.swift */,
			);
			path = Views;
			sourceTree = "<group>";
		};
		A10000000000000000000014 /* Theme */ = {
			isa = PBXGroup;
			children = (
				B11300000000000000000001 /* BrandColors.swift */,
			);
			path = Theme;
			sourceTree = "<group>";
		};
		A1000000000000000000000D /* Resources */ = {
			isa = PBXGroup;
			children = (
				C10000000000000000000001 /* Assets.xcassets */,
			);
			path = Resources;
			sourceTree = "<group>";
		};
/* End PBXGroup section */

/* Begin PBXNativeTarget section */
		A10000000000000000000002 /* BPMediaWriter */ = {
			isa = PBXNativeTarget;
			buildConfigurationList = A10000000000000000000013 /* Build configuration list for PBXNativeTarget "BPMediaWriter" */;
			buildPhases = (
				A10000000000000000000003 /* Sources */,
				A10000000000000000000005 /* Frameworks */,
				A10000000000000000000004 /* Resources */,
			);
			buildRules = (
			);
			dependencies = (
			);
			name = BPMediaWriter;
			productName = BPMediaWriter;
			productReference = A10000000000000000000006 /* BPMediaWriter.app */;
			productType = "com.apple.product-type.application";
		};
/* End PBXNativeTarget section */

/* Begin PBXProject section */
		A10000000000000000000001 /* Project object */ = {
			isa = PBXProject;
			attributes = {
				BuildIndependentTargetsInParallel = 1;
				LastSwiftUpdateCheck = 1600;
				LastUpgradeCheck = 1600;
			};
			buildConfigurationList = A10000000000000000000012 /* Build configuration list for PBXProject "BPMediaWriter" */;
			compatibilityVersion = "Xcode 14.0";
			developmentRegion = ko;
			hasScannedForEncodings = 0;
			knownRegions = (
				en,
				ko,
				Base,
			);
			mainGroup = A10000000000000000000007;
			productRefGroup = A10000000000000000000008 /* Products */;
			projectDirPath = "";
			projectRoot = "";
			targets = (
				A10000000000000000000002 /* BPMediaWriter */,
			);
		};
/* End PBXProject section */

/* Begin PBXResourcesBuildPhase section */
		A10000000000000000000004 /* Resources */ = {
			isa = PBXResourcesBuildPhase;
			buildActionMask = 2147483647;
			files = (
				C10000000000000000000002 /* Assets.xcassets in Resources */,
			);
			runOnlyForDeploymentPostprocessing = 0;
		};
/* End PBXResourcesBuildPhase section */

/* Begin PBXSourcesBuildPhase section */
		A10000000000000000000003 /* Sources */ = {
			isa = PBXSourcesBuildPhase;
			buildActionMask = 2147483647;
			files = (
				B10000000000000000000002 /* BPMediaWriterApp.swift in Sources */,
				B10100000000000000000002 /* AppState.swift in Sources */,
				B10200000000000000000002 /* Post.swift in Sources */,
				B10300000000000000000002 /* AuthModels.swift in Sources */,
				B10400000000000000000002 /* EditorJSCodec.swift in Sources */,
				B10500000000000000000002 /* APIClient.swift in Sources */,
				B10600000000000000000002 /* AuthService.swift in Sources */,
				B10700000000000000000002 /* KeychainStore.swift in Sources */,
				B10800000000000000000002 /* DraftStore.swift in Sources */,
				B10900000000000000000002 /* LoginView.swift in Sources */,
				B11000000000000000000002 /* PostListView.swift in Sources */,
				B11100000000000000000002 /* EditorView.swift in Sources */,
				B11200000000000000000002 /* TurnstileWebView.swift in Sources */,
				B11300000000000000000002 /* BrandColors.swift in Sources */,
				B11400000000000000000002 /* ImageCompressor.swift in Sources */,
				B11500000000000000000002 /* UpdateChecker.swift in Sources */,
			);
			runOnlyForDeploymentPostprocessing = 0;
		};
/* End PBXSourcesBuildPhase section */

/* Begin XCBuildConfiguration section */
		A1000000000000000000000E /* Debug */ = {
			isa = XCBuildConfiguration;
			buildSettings = {
				ALWAYS_SEARCH_USER_PATHS = NO;
				CLANG_ENABLE_MODULES = YES;
				COPY_PHASE_STRIP = NO;
				DEBUG_INFORMATION_FORMAT = dwarf;
				ENABLE_TESTABILITY = YES;
				GCC_DYNAMIC_NO_PIC = NO;
				MACOSX_DEPLOYMENT_TARGET = 14.0;
				ONLY_ACTIVE_ARCH = YES;
				SDKROOT = macosx;
				SWIFT_ACTIVE_COMPILATION_CONDITIONS = "DEBUG $(inherited)";
				SWIFT_OPTIMIZATION_LEVEL = "-Onone";
			};
			name = Debug;
		};
		A1000000000000000000000F /* Release */ = {
			isa = XCBuildConfiguration;
			buildSettings = {
				ALWAYS_SEARCH_USER_PATHS = NO;
				CLANG_ENABLE_MODULES = YES;
				COPY_PHASE_STRIP = NO;
				DEBUG_INFORMATION_FORMAT = "dwarf-with-dsym";
				MACOSX_DEPLOYMENT_TARGET = 14.0;
				SDKROOT = macosx;
				SWIFT_COMPILATION_MODE = wholemodule;
			};
			name = Release;
		};
		A10000000000000000000010 /* Debug */ = {
			isa = XCBuildConfiguration;
			buildSettings = {
				ASSETCATALOG_COMPILER_APPICON_NAME = AppIcon;
				CODE_SIGN_ENTITLEMENTS = Resources/BPMediaWriter.entitlements;
				CODE_SIGN_IDENTITY = "-";
				CODE_SIGN_STYLE = Automatic;
				COMBINE_HIDPI_IMAGES = YES;
				CURRENT_PROJECT_VERSION = 2;
				DEVELOPMENT_TEAM = "";
				ENABLE_HARDENED_RUNTIME = YES;
				GENERATE_INFOPLIST_FILE = NO;
				INFOPLIST_FILE = Resources/Info.plist;
				LD_RUNPATH_SEARCH_PATHS = (
					"$(inherited)",
					"@executable_path/../Frameworks",
				);
				MARKETING_VERSION = 1.1.0;
				PRODUCT_BUNDLE_IDENTIFIER = net.bpmedia.writer;
				PRODUCT_NAME = "$(TARGET_NAME)";
				SWIFT_EMIT_LOC_STRINGS = YES;
				SWIFT_VERSION = 5.0;
			};
			name = Debug;
		};
		A10000000000000000000011 /* Release */ = {
			isa = XCBuildConfiguration;
			buildSettings = {
				ASSETCATALOG_COMPILER_APPICON_NAME = AppIcon;
				CODE_SIGN_ENTITLEMENTS = Resources/BPMediaWriter.entitlements;
				CODE_SIGN_IDENTITY = "-";
				CODE_SIGN_STYLE = Automatic;
				COMBINE_HIDPI_IMAGES = YES;
				CURRENT_PROJECT_VERSION = 2;
				DEVELOPMENT_TEAM = "";
				ENABLE_HARDENED_RUNTIME = YES;
				GENERATE_INFOPLIST_FILE = NO;
				INFOPLIST_FILE = Resources/Info.plist;
				LD_RUNPATH_SEARCH_PATHS = (
					"$(inherited)",
					"@executable_path/../Frameworks",
				);
				MARKETING_VERSION = 1.1.0;
				PRODUCT_BUNDLE_IDENTIFIER = net.bpmedia.writer;
				PRODUCT_NAME = "$(TARGET_NAME)";
				SWIFT_EMIT_LOC_STRINGS = YES;
				SWIFT_VERSION = 5.0;
			};
			name = Release;
		};
/* End XCBuildConfiguration section */

/* Begin XCConfigurationList section */
		A10000000000000000000012 /* Build configuration list for PBXProject "BPMediaWriter" */ = {
			isa = XCConfigurationList;
			buildConfigurations = (
				A1000000000000000000000E /* Debug */,
				A1000000000000000000000F /* Release */,
			);
			defaultConfigurationIsVisible = 0;
			defaultConfigurationName = Release;
		};
		A10000000000000000000013 /* Build configuration list for PBXNativeTarget "BPMediaWriter" */ = {
			isa = XCConfigurationList;
			buildConfigurations = (
				A10000000000000000000010 /* Debug */,
				A10000000000000000000011 /* Release */,
			);
			defaultConfigurationIsVisible = 0;
			defaultConfigurationName = Release;
		};
/* End XCConfigurationList section */
	};
	rootObject = A10000000000000000000001 /* Project object */;
}
